
Microsoft Visual Studio Solution File, Format Version 12.00
# Visual Studio Version 16
VisualStudioVersion = 16.0.29728.190
MinimumVisualStudioVersion = 10.0.40219.1
Project("{FAE04EC0-301F-11D3-BF4B-00C04F79EFBC}") = "Dispatch.Common", "Dispatch.Common\Dispatch.Common.csproj", "{1D18F05E-8057-487C-8A72-90A8766DC551}"
EndProject
Project("{FAE04EC0-301F-11D3-BF4B-00C04F79EFBC}") = "Dispatch.Model", "Dispatch.Model\Dispatch.Model.csproj", "{127C55BD-A88B-4933-8A0C-553EEC3899CE}"
EndProject
Project("{FAE04EC0-301F-11D3-BF4B-00C04F79EFBC}") = "Dispatch.Data", "Dispatch.Data\Dispatch.Data.csproj", "{AA53E2F0-E758-4F6E-B9FD-3969685A0ADD}"
EndProject
Project("{FAE04EC0-301F-11D3-BF4B-00C04F79EFBC}") = "Dispatch.Service", "Dispatch.Service\Dispatch.Service.csproj", "{318A74F4-1439-458F-8D71-4800142BBDDC}"
EndProject
Project("{FAE04EC0-301F-11D3-BF4B-00C04F79EFBC}") = "Dispatch.Web", "Dispatch.Web\Dispatch.Web.csproj", "{873B7510-D0BC-42DB-84B9-07C6612255A2}"
EndProject
Global
	GlobalSection(SolutionConfigurationPlatforms) = preSolution
		Debug|Any CPU = Debug|Any CPU
		Debug|x64 = Debug|x64
		Release|Any CPU = Release|Any CPU
		Release|x64 = Release|x64
	EndGlobalSection
	GlobalSection(ProjectConfigurationPlatforms) = postSolution
		{1D18F05E-8057-487C-8A72-90A8766DC551}.Debug|Any CPU.ActiveCfg = Debug|Any CPU
		{1D18F05E-8057-487C-8A72-90A8766DC551}.Debug|Any CPU.Build.0 = Debug|Any CPU
		{1D18F05E-8057-487C-8A72-90A8766DC551}.Debug|x64.ActiveCfg = Debug|Any CPU
		{1D18F05E-8057-487C-8A72-90A8766DC551}.Debug|x64.Build.0 = Debug|Any CPU
		{1D18F05E-8057-487C-8A72-90A8766DC551}.Release|Any CPU.ActiveCfg = Release|Any CPU
		{1D18F05E-8057-487C-8A72-90A8766DC551}.Release|Any CPU.Build.0 = Release|Any CPU
		{1D18F05E-8057-487C-8A72-90A8766DC551}.Release|x64.ActiveCfg = Release|Any CPU
		{1D18F05E-8057-487C-8A72-90A8766DC551}.Release|x64.Build.0 = Release|Any CPU
		{127C55BD-A88B-4933-8A0C-553EEC3899CE}.Debug|Any CPU.ActiveCfg = Debug|Any CPU
		{127C55BD-A88B-4933-8A0C-553EEC3899CE}.Debug|Any CPU.Build.0 = Debug|Any CPU
		{127C55BD-A88B-4933-8A0C-553EEC3899CE}.Debug|x64.ActiveCfg = Debug|Any CPU
		{127C55BD-A88B-4933-8A0C-553EEC3899CE}.Debug|x64.Build.0 = Debug|Any CPU
		{127C55BD-A88B-4933-8A0C-553EEC3899CE}.Release|Any CPU.ActiveCfg = Release|Any CPU
		{127C55BD-A88B-4933-8A0C-553EEC3899CE}.Release|Any CPU.Build.0 = Release|Any CPU
		{127C55BD-A88B-4933-8A0C-553EEC3899CE}.Release|x64.ActiveCfg = Release|Any CPU
		{127C55BD-A88B-4933-8A0C-553EEC3899CE}.Release|x64.Build.0 = Release|Any CPU
		{AA53E2F0-E758-4F6E-B9FD-3969685A0ADD}.Debug|Any CPU.ActiveCfg = Debug|Any CPU
		{AA53E2F0-E758-4F6E-B9FD-3969685A0ADD}.Debug|Any CPU.Build.0 = Debug|Any CPU
		{AA53E2F0-E758-4F6E-B9FD-3969685A0ADD}.Debug|x64.ActiveCfg = Debug|Any CPU
		{AA53E2F0-E758-4F6E-B9FD-3969685A0ADD}.Debug|x64.Build.0 = Debug|Any CPU
		{AA53E2F0-E758-4F6E-B9FD-3969685A0ADD}.Release|Any CPU.ActiveCfg = Release|Any CPU
		{AA53E2F0-E758-4F6E-B9FD-3969685A0ADD}.Release|Any CPU.Build.0 = Release|Any CPU
		{AA53E2F0-E758-4F6E-B9FD-3969685A0ADD}.Release|x64.ActiveCfg = Release|Any CPU
		{AA53E2F0-E758-4F6E-B9FD-3969685A0ADD}.Release|x64.Build.0 = Release|Any CPU
		{318A74F4-1439-458F-8D71-4800142BBDDC}.Debug|Any CPU.ActiveCfg = Debug|Any CPU
		{318A74F4-1439-458F-8D71-4800142BBDDC}.Debug|Any CPU.Build.0 = Debug|Any CPU
		{318A74F4-1439-458F-8D71-4800142BBDDC}.Debug|x64.ActiveCfg = Debug|Any CPU
		{318A74F4-1439-458F-8D71-4800142BBDDC}.Debug|x64.Build.0 = Debug|Any CPU
		{318A74F4-1439-458F-8D71-4800142BBDDC}.Release|Any CPU.ActiveCfg = Release|Any CPU
		{318A74F4-1439-458F-8D71-4800142BBDDC}.Release|Any CPU.Build.0 = Release|Any CPU
		{318A74F4-1439-458F-8D71-4800142BBDDC}.Release|x64.ActiveCfg = Release|Any CPU
		{318A74F4-1439-458F-8D71-4800142BBDDC}.Release|x64.Build.0 = Release|Any CPU
		{873B7510-D0BC-42DB-84B9-07C6612255A2}.Debug|Any CPU.ActiveCfg = Debug|Any CPU
		{873B7510-D0BC-42DB-84B9-07C6612255A2}.Debug|Any CPU.Build.0 = Debug|Any CPU
		{873B7510-D0BC-42DB-84B9-07C6612255A2}.Debug|x64.ActiveCfg = Debug|Any CPU
		{873B7510-D0BC-42DB-84B9-07C6612255A2}.Debug|x64.Build.0 = Debug|Any CPU
		{873B7510-D0BC-42DB-84B9-07C6612255A2}.Release|Any CPU.ActiveCfg = Release|Any CPU
		{873B7510-D0BC-42DB-84B9-07C6612255A2}.Release|Any CPU.Build.0 = Release|Any CPU
		{873B7510-D0BC-42DB-84B9-07C6612255A2}.Release|x64.ActiveCfg = Release|Any CPU
		{873B7510-D0BC-42DB-84B9-07C6612255A2}.Release|x64.Build.0 = Release|Any CPU
	EndGlobalSection
	GlobalSection(SolutionProperties) = preSolution
		HideSolutionNode = FALSE
	EndGlobalSection
	GlobalSection(ExtensibilityGlobals) = postSolution
		SolutionGuid = {C8B5192B-BA66-4CAC-83F8-A82B93A8895D}
	EndGlobalSection
EndGlobal
